
Microsoft Visual Studio Solution File, Format Version 12.00
# Visual Studio 15
VisualStudioVersion = 15.0.27004.2009
MinimumVisualStudioVersion = 10.0.40219.1
Project("{9A19103F-16F7-4668-BE54-9A1E7A4F7556}") = "IgniteCaptcha", "IgniteCaptcha\IgniteCaptcha.csproj", "{818A0D86-0E37-4236-A076-173D3E564AD3}"
EndProject
Project("{FAE04EC0-301F-11D3-BF4B-00C04F79EFBC}") = "UnitTestIgniteCaptcha", "UnitTestCaptcha\UnitTestIgniteCaptcha.csproj", "{3BBDA07B-3D89-46B1-9D1B-F5E978597A8F}"
EndProject
Project("{9A19103F-16F7-4668-BE54-9A1E7A4F7556}") = "IgniteCaptchaSample", "IgniteCaptchaSample\IgniteCaptchaSample.csproj", "{5AF32444-C878-4634-B579-D3945F52B03A}"
EndProject
Global
	GlobalSection(SolutionConfigurationPlatforms) = preSolution
		Debug|Any CPU = Debug|Any CPU
		Release|Any CPU = Release|Any CPU
	EndGlobalSection
	GlobalSection(ProjectConfigurationPlatforms) = postSolution
		{818A0D86-0E37-4236-A076-173D3E564AD3}.Debug|Any CPU.ActiveCfg = Debug|Any CPU
		{818A0D86-0E37-4236-A076-173D3E564AD3}.Debug|Any CPU.Build.0 = Debug|Any CPU
		{818A0D86-0E37-4236-A076-173D3E564AD3}.Release|Any CPU.ActiveCfg = Release|Any CPU
		{818A0D86-0E37-4236-A076-173D3E564AD3}.Release|Any CPU.Build.0 = Release|Any CPU
		{3BBDA07B-3D89-46B1-9D1B-F5E978597A8F}.Debug|Any CPU.ActiveCfg = Debug|Any CPU
		{3BBDA07B-3D89-46B1-9D1B-F5E978597A8F}.Debug|Any CPU.Build.0 = Debug|Any CPU
		{3BBDA07B-3D89-46B1-9D1B-F5E978597A8F}.Release|Any CPU.ActiveCfg = Release|Any CPU
		{3BBDA07B-3D89-46B1-9D1B-F5E978597A8F}.Release|Any CPU.Build.0 = Release|Any CPU
		{5AF32444-C878-4634-B579-D3945F52B03A}.Debug|Any CPU.ActiveCfg = Debug|Any CPU
		{5AF32444-C878-4634-B579-D3945F52B03A}.Debug|Any CPU.Build.0 = Debug|Any CPU
		{5AF32444-C878-4634-B579-D3945F52B03A}.Release|Any CPU.ActiveCfg = Release|Any CPU
		{5AF32444-C878-4634-B579-D3945F52B03A}.Release|Any CPU.Build.0 = Release|Any CPU
	EndGlobalSection
	GlobalSection(SolutionProperties) = preSolution
		HideSolutionNode = FALSE
	EndGlobalSection
	GlobalSection(ExtensibilityGlobals) = postSolution
		SolutionGuid = {1B7DAA80-8FE4-4FDC-A3A3-26349664FC4A}
	EndGlobalSection
EndGlobal
